
Microsoft Visual Studio Solution File, Format Version 11.00
# Visual Studio 2010
Project("{8BC9CEB8-8B4A-11D0-8D11-00A0C91BC942}") = "Fraction", "Fraction\Fraction.vcxproj", "{B0A2B2B0-CB09-403F-A5B7-5D0F1D2ABF95}"
EndProject
Project("{8BC9CEB8-8B4A-11D0-8D11-00A0C91BC942}") = "Tests", "Tests\Tests.vcxproj", "{6563D61C-B8B7-425F-AF5A-23D698727A39}"
EndProject
Global
	GlobalSection(SolutionConfigurationPlatforms) = preSolution
		Debug|Win32 = Debug|Win32
		Release|Win32 = Release|Win32
	EndGlobalSection
	GlobalSection(ProjectConfigurationPlatforms) = postSolution
		{B0A2B2B0-CB09-403F-A5B7-5D0F1D2ABF95}.Debug|Win32.ActiveCfg = Debug|Win32
		{B0A2B2B0-CB09-403F-A5B7-5D0F1D2ABF95}.Debug|Win32.Build.0 = Debug|Win32
		{B0A2B2B0-CB09-403F-A5B7-5D0F1D2ABF95}.Release|Win32.ActiveCfg = Release|Win32
		{B0A2B2B0-CB09-403F-A5B7-5D0F1D2ABF95}.Release|Win32.Build.0 = Release|Win32
		{6563D61C-B8B7-425F-AF5A-23D698727A39}.Debug|Win32.ActiveCfg = Debug|Win32
		{6563D61C-B8B7-425F-AF5A-23D698727A39}.Debug|Win32.Build.0 = Debug|Win32
		{6563D61C-B8B7-425F-AF5A-23D698727A39}.Release|Win32.ActiveCfg = Release|Win32
		{6563D61C-B8B7-425F-AF5A-23D698727A39}.Release|Win32.Build.0 = Release|Win32
	EndGlobalSection
	GlobalSection(SolutionProperties) = preSolution
		HideSolutionNode = FALSE
	EndGlobalSection
EndGlobal
